Microsoft Visual Studio Solution File, Format Version 11.00
# Visual Studio 2008

Project("{A9008589-2DD3-940C-8F5A-95974261F8C4}") = "Mapdata", "Assembly-CSharp.csproj", "{847453A6-A388-C6B4-7CF1-BD4275593E7B}"
EndProject
Global
	GlobalSection(SolutionConfigurationPlatforms) = preSolution
		Debug|Any CPU = Debug|Any CPU
		Release|Any CPU = Release|Any CPU
	EndGlobalSection
	GlobalSection(ProjectConfigurationPlatforms) = postSolution
		{847453A6-A388-C6B4-7CF1-BD4275593E7B}.Debug|Any CPU.ActiveCfg = Debug|Any CPU
		{847453A6-A388-C6B4-7CF1-BD4275593E7B}.Debug|Any CPU.Build.0 = Debug|Any CPU
		{847453A6-A388-C6B4-7CF1-BD4275593E7B}.Release|Any CPU.ActiveCfg = Release|Any CPU
		{847453A6-A388-C6B4-7CF1-BD4275593E7B}.Release|Any CPU.Build.0 = Release|Any CPU
	EndGlobalSection
	GlobalSection(SolutionProperties) = preSolution
		HideSolutionNode = FALSE
	EndGlobalSection
	GlobalSection(MonoDevelopProperties) = preSolution
		StartupItem = Assembly-CSharp.csproj
	EndGlobalSection
EndGlobal
